
Microsoft Visual Studio Solution File, Format Version 12.00
# Visual Studio Version 17
VisualStudioVersion = 17.7.34202.233
MinimumVisualStudioVersion = 10.0.40219.1
Project("{FAE04EC0-301F-11D3-BF4B-00C04F79EFBC}") = "Qualifi", "Qualifi.csproj", "{B1AAF1AD-1A01-41B8-AD20-BCA38D3B4AAC}"
EndProject
Project("{FAE04EC0-301F-11D3-BF4B-00C04F79EFBC}") = "QualifiTesting", "..\QualifiTestUnitTest\QualifiTesting.csproj", "{2D713493-1196-40BC-A1AB-8D30218ADE00}"
EndProject
Global
	GlobalSection(SolutionConfigurationPlatforms) = preSolution
		Debug|Any CPU = Debug|Any CPU
		Release|Any CPU = Release|Any CPU
	EndGlobalSection
	GlobalSection(ProjectConfigurationPlatforms) = postSolution
		{B1AAF1AD-1A01-41B8-AD20-BCA38D3B4AAC}.Debug|Any CPU.ActiveCfg = Debug|Any CPU
		{B1AAF1AD-1A01-41B8-AD20-BCA38D3B4AAC}.Debug|Any CPU.Build.0 = Debug|Any CPU
		{B1AAF1AD-1A01-41B8-AD20-BCA38D3B4AAC}.Release|Any CPU.ActiveCfg = Release|Any CPU
		{B1AAF1AD-1A01-41B8-AD20-BCA38D3B4AAC}.Release|Any CPU.Build.0 = Release|Any CPU
		{2D713493-1196-40BC-A1AB-8D30218ADE00}.Debug|Any CPU.ActiveCfg = Debug|Any CPU
		{2D713493-1196-40BC-A1AB-8D30218ADE00}.Debug|Any CPU.Build.0 = Debug|Any CPU
		{2D713493-1196-40BC-A1AB-8D30218ADE00}.Release|Any CPU.ActiveCfg = Release|Any CPU
		{2D713493-1196-40BC-A1AB-8D30218ADE00}.Release|Any CPU.Build.0 = Release|Any CPU
	EndGlobalSection
	GlobalSection(SolutionProperties) = preSolution
		HideSolutionNode = FALSE
	EndGlobalSection
	GlobalSection(ExtensibilityGlobals) = postSolution
		SolutionGuid = {B030335F-8075-4C5A-B363-05665EDE77D5}
	EndGlobalSection
EndGlobal
